
Microsoft Visual Studio Solution File, Format Version 12.00
# Visual Studio Version 16
VisualStudioVersion = 16.0.29728.190
MinimumVisualStudioVersion = 10.0.40219.1
Project("{FAE04EC0-301F-11D3-BF4B-00C04F79EFBC}") = "WordpressWithCore", "WordpressWithCore\WordpressWithCore.csproj", "{FC7AC9D1-9D28-4A72-B617-7624BA4D6B65}"
EndProject
Global
	GlobalSection(SolutionConfigurationPlatforms) = preSolution
		Debug|Any CPU = Debug|Any CPU
		Release|Any CPU = Release|Any CPU
	EndGlobalSection
	GlobalSection(ProjectConfigurationPlatforms) = postSolution
		{FC7AC9D1-9D28-4A72-B617-7624BA4D6B65}.Debug|Any CPU.ActiveCfg = Debug|Any CPU
		{FC7AC9D1-9D28-4A72-B617-7624BA4D6B65}.Debug|Any CPU.Build.0 = Debug|Any CPU
		{FC7AC9D1-9D28-4A72-B617-7624BA4D6B65}.Release|Any CPU.ActiveCfg = Release|Any CPU
		{FC7AC9D1-9D28-4A72-B617-7624BA4D6B65}.Release|Any CPU.Build.0 = Release|Any CPU
	EndGlobalSection
	GlobalSection(SolutionProperties) = preSolution
		HideSolutionNode = FALSE
	EndGlobalSection
	GlobalSection(ExtensibilityGlobals) = postSolution
		SolutionGuid = {09616DC4-BCD3-42D8-81DF-A6D34D5AC577}
	EndGlobalSection
EndGlobal
