
Microsoft Visual Studio Solution File, Format Version 12.00
# Visual Studio Version 17
VisualStudioVersion = 17.2.32616.157
MinimumVisualStudioVersion = 10.0.40219.1
Project("{FAE04EC0-301F-11D3-BF4B-00C04F79EFBC}") = "UserRegisterAPI", "UserRegisterAPI\UserRegisterAPI.csproj", "{742ADD4E-5D9F-40EF-9AD9-A3ECA6B70B0F}"
EndProject
Project("{FAE04EC0-301F-11D3-BF4B-00C04F79EFBC}") = "Client", "Client\Client.csproj", "{4F177429-4CA5-4E48-855D-2E35411A0193}"
EndProject
Global
	GlobalSection(SolutionConfigurationPlatforms) = preSolution
		Debug|Any CPU = Debug|Any CPU
		Release|Any CPU = Release|Any CPU
	EndGlobalSection
	GlobalSection(ProjectConfigurationPlatforms) = postSolution
		{742ADD4E-5D9F-40EF-9AD9-A3ECA6B70B0F}.Debug|Any CPU.ActiveCfg = Debug|Any CPU
		{742ADD4E-5D9F-40EF-9AD9-A3ECA6B70B0F}.Debug|Any CPU.Build.0 = Debug|Any CPU
		{742ADD4E-5D9F-40EF-9AD9-A3ECA6B70B0F}.Release|Any CPU.ActiveCfg = Release|Any CPU
		{742ADD4E-5D9F-40EF-9AD9-A3ECA6B70B0F}.Release|Any CPU.Build.0 = Release|Any CPU
		{4F177429-4CA5-4E48-855D-2E35411A0193}.Debug|Any CPU.ActiveCfg = Debug|Any CPU
		{4F177429-4CA5-4E48-855D-2E35411A0193}.Debug|Any CPU.Build.0 = Debug|Any CPU
		{4F177429-4CA5-4E48-855D-2E35411A0193}.Release|Any CPU.ActiveCfg = Release|Any CPU
		{4F177429-4CA5-4E48-855D-2E35411A0193}.Release|Any CPU.Build.0 = Release|Any CPU
	EndGlobalSection
	GlobalSection(SolutionProperties) = preSolution
		HideSolutionNode = FALSE
	EndGlobalSection
	GlobalSection(ExtensibilityGlobals) = postSolution
		SolutionGuid = {17A86031-FFA6-45E0-913F-A77CA7CFAA4E}
	EndGlobalSection
EndGlobal
